
Microsoft Visual Studio Solution File, Format Version 12.00
# Visual Studio 14
VisualStudioVersion = 14.0.25420.1
MinimumVisualStudioVersion = 10.0.40219.1
Project("{8BC9CEB8-8B4A-11D0-8D11-00A0C91BC942}") = "steamnetworkingsockets", "steamnetworkingsockets\clientlib\steamnetworkingsockets_win64.vcxproj", "{66CEE842-E0AC-EA65-DE7B-7E22DC21EC3D}"
	ProjectSection(ProjectDependencies) = postProject
		{E9E3C384-69D7-4FFA-7BD6-47DDAB5C34CD} = {E9E3C384-69D7-4FFA-7BD6-47DDAB5C34CD}
	EndProjectSection
EndProject
Project("{8BC9CEB8-8B4A-11D0-8D11-00A0C91BC942}") = "steamnetworkingsockets_messages", "steamnetworkingsockets\steamnetworkingsockets_messages_win64.vcxproj", "{E9E3C384-69D7-4FFA-7BD6-47DDAB5C34CD}"
EndProject
Project("{8BC9CEB8-8B4A-11D0-8D11-00A0C91BC942}") = "steamnetworkingsockets_certtool", "steamnetworkingsockets\certtool\steamnetworkingsockets_certtool_win64.vcxproj", "{C31B11F7-9921-F168-3A99-169A6BB5B7C2}"
	ProjectSection(ProjectDependencies) = postProject
		{E9E3C384-69D7-4FFA-7BD6-47DDAB5C34CD} = {E9E3C384-69D7-4FFA-7BD6-47DDAB5C34CD}
	EndProjectSection
EndProject
Global
	GlobalSection(SolutionConfigurationPlatforms) = preSolution
		Debug|x64 = Debug|x64
		Release|x64 = Release|x64
	EndGlobalSection
	GlobalSection(ProjectConfigurationPlatforms) = postSolution
		{66CEE842-E0AC-EA65-DE7B-7E22DC21EC3D}.Debug|x64.ActiveCfg = Debug|x64
		{66CEE842-E0AC-EA65-DE7B-7E22DC21EC3D}.Debug|x64.Build.0 = Debug|x64
		{66CEE842-E0AC-EA65-DE7B-7E22DC21EC3D}.Release|x64.ActiveCfg = Release|x64
		{66CEE842-E0AC-EA65-DE7B-7E22DC21EC3D}.Release|x64.Build.0 = Release|x64
		{E9E3C384-69D7-4FFA-7BD6-47DDAB5C34CD}.Debug|x64.ActiveCfg = Debug|x64
		{E9E3C384-69D7-4FFA-7BD6-47DDAB5C34CD}.Debug|x64.Build.0 = Debug|x64
		{E9E3C384-69D7-4FFA-7BD6-47DDAB5C34CD}.Release|x64.ActiveCfg = Release|x64
		{E9E3C384-69D7-4FFA-7BD6-47DDAB5C34CD}.Release|x64.Build.0 = Release|x64
		{C31B11F7-9921-F168-3A99-169A6BB5B7C2}.Debug|x64.ActiveCfg = Debug|x64
		{C31B11F7-9921-F168-3A99-169A6BB5B7C2}.Debug|x64.Build.0 = Debug|x64
		{C31B11F7-9921-F168-3A99-169A6BB5B7C2}.Release|x64.ActiveCfg = Release|x64
		{C31B11F7-9921-F168-3A99-169A6BB5B7C2}.Release|x64.Build.0 = Release|x64
	EndGlobalSection
	GlobalSection(SolutionProperties) = preSolution
		HideSolutionNode = FALSE
	EndGlobalSection
EndGlobal
